
Microsoft Visual Studio Solution File, Format Version 12.00
# Visual Studio Version 16
VisualStudioVersion = 16.0.30907.101
MinimumVisualStudioVersion = 10.0.40219.1
Project("{888888A0-9F3D-457C-B088-3A5042F75D52}") = "iot_hardware", "iot_hardware\iot_hardware.pyproj", "{D32CC1C5-59D5-4A00-AE53-074EC39CD0AC}"
EndProject
Project("{2150E333-8FDC-42A3-9474-1A3956D46DE8}") = "Solution Items", "Solution Items", "{207043AB-5242-4746-8FE2-C3F22CFB1445}"
	ProjectSection(SolutionItems) = preProject
		LICENSE = LICENSE
		README.md = README.md
		setup.py = setup.py
	EndProjectSection
EndProject
Project("{888888A0-9F3D-457C-B088-3A5042F75D52}") = "iot_sensor", "iot_sensor\iot_sensor.pyproj", "{B41F4906-CE80-47EA-B69F-747FD0CAC496}"
EndProject
Project("{888888A0-9F3D-457C-B088-3A5042F75D52}") = "iot_base", "iot_base\iot_base.pyproj", "{2E8C9AB2-C71D-455A-92C7-F7E2C43D484E}"
EndProject
Project("{888888A0-9F3D-457C-B088-3A5042F75D52}") = "iot_repository", "iot_repository\iot_repository.pyproj", "{E2C16A3D-FBAC-49AE-AAE5-B1629EAD4D07}"
EndProject
Project("{888888A0-9F3D-457C-B088-3A5042F75D52}") = "iot_configuration", "iot_configuration\iot_configuration.pyproj", "{BA2F9B2A-DA53-435A-9557-1C8F5EFE4C9C}"
EndProject
Project("{888888A0-9F3D-457C-B088-3A5042F75D52}") = "tests", "tests\tests.pyproj", "{DC0C2AD1-F31A-4580-8528-EDD578C091FC}"
EndProject
Project("{888888A0-9F3D-457C-B088-3A5042F75D52}") = "iot_runtime", "iot_runtime\iot_runtime.pyproj", "{77EB5B61-91DE-40F2-ADE3-D7DC101BEB7F}"
EndProject
Project("{888888A0-9F3D-457C-B088-3A5042F75D52}") = "var_deployment", "var_deployment\var_deployment.pyproj", "{E0DCE077-A89B-4E23-8A6D-7C7507629C04}"
EndProject
Global
	GlobalSection(SolutionConfigurationPlatforms) = preSolution
		Debug|Any CPU = Debug|Any CPU
		Release|Any CPU = Release|Any CPU
	EndGlobalSection
	GlobalSection(ProjectConfigurationPlatforms) = postSolution
		{D32CC1C5-59D5-4A00-AE53-074EC39CD0AC}.Debug|Any CPU.ActiveCfg = Debug|Any CPU
		{D32CC1C5-59D5-4A00-AE53-074EC39CD0AC}.Release|Any CPU.ActiveCfg = Release|Any CPU
		{B41F4906-CE80-47EA-B69F-747FD0CAC496}.Debug|Any CPU.ActiveCfg = Debug|Any CPU
		{B41F4906-CE80-47EA-B69F-747FD0CAC496}.Release|Any CPU.ActiveCfg = Release|Any CPU
		{2E8C9AB2-C71D-455A-92C7-F7E2C43D484E}.Debug|Any CPU.ActiveCfg = Debug|Any CPU
		{2E8C9AB2-C71D-455A-92C7-F7E2C43D484E}.Release|Any CPU.ActiveCfg = Release|Any CPU
		{E2C16A3D-FBAC-49AE-AAE5-B1629EAD4D07}.Debug|Any CPU.ActiveCfg = Debug|Any CPU
		{E2C16A3D-FBAC-49AE-AAE5-B1629EAD4D07}.Release|Any CPU.ActiveCfg = Release|Any CPU
		{BA2F9B2A-DA53-435A-9557-1C8F5EFE4C9C}.Debug|Any CPU.ActiveCfg = Debug|Any CPU
		{BA2F9B2A-DA53-435A-9557-1C8F5EFE4C9C}.Release|Any CPU.ActiveCfg = Release|Any CPU
		{DC0C2AD1-F31A-4580-8528-EDD578C091FC}.Debug|Any CPU.ActiveCfg = Debug|Any CPU
		{DC0C2AD1-F31A-4580-8528-EDD578C091FC}.Release|Any CPU.ActiveCfg = Release|Any CPU
		{77EB5B61-91DE-40F2-ADE3-D7DC101BEB7F}.Debug|Any CPU.ActiveCfg = Debug|Any CPU
		{77EB5B61-91DE-40F2-ADE3-D7DC101BEB7F}.Release|Any CPU.ActiveCfg = Release|Any CPU
		{E0DCE077-A89B-4E23-8A6D-7C7507629C04}.Debug|Any CPU.ActiveCfg = Debug|Any CPU
		{E0DCE077-A89B-4E23-8A6D-7C7507629C04}.Release|Any CPU.ActiveCfg = Release|Any CPU
	EndGlobalSection
	GlobalSection(SolutionProperties) = preSolution
		HideSolutionNode = FALSE
	EndGlobalSection
	GlobalSection(ExtensibilityGlobals) = postSolution
		SolutionGuid = {4F9FE949-BB8F-4F3A-AED2-E73D935C1240}
	EndGlobalSection
EndGlobal
